
Microsoft Visual Studio Solution File, Format Version 12.00
# Visual Studio Version 16
VisualStudioVersion = 16.0.29613.14
MinimumVisualStudioVersion = 10.0.40219.1
Project("{FAE04EC0-301F-11D3-BF4B-00C04F79EFBC}") = "ParkingCardHelper", "ParkingCardHelper\ParkingCardHelper.csproj", "{5EB70182-1003-4420-86B6-7B3C4DD698DC}"
EndProject
Global
	GlobalSection(SolutionConfigurationPlatforms) = preSolution
		Debug|Any CPU = Debug|Any CPU
		Release|Any CPU = Release|Any CPU
	EndGlobalSection
	GlobalSection(ProjectConfigurationPlatforms) = postSolution
		{5EB70182-1003-4420-86B6-7B3C4DD698DC}.Debug|Any CPU.ActiveCfg = Debug|Any CPU
		{5EB70182-1003-4420-86B6-7B3C4DD698DC}.Debug|Any CPU.Build.0 = Debug|Any CPU
		{5EB70182-1003-4420-86B6-7B3C4DD698DC}.Release|Any CPU.ActiveCfg = Release|Any CPU
		{5EB70182-1003-4420-86B6-7B3C4DD698DC}.Release|Any CPU.Build.0 = Release|Any CPU
	EndGlobalSection
	GlobalSection(SolutionProperties) = preSolution
		HideSolutionNode = FALSE
	EndGlobalSection
	GlobalSection(ExtensibilityGlobals) = postSolution
		SolutionGuid = {565CB067-31EF-4297-AFED-E4AA388FA371}
	EndGlobalSection
EndGlobal
