
Microsoft Visual Studio Solution File, Format Version 12.00
# Visual Studio Version 16
VisualStudioVersion = 16.0.29613.14
MinimumVisualStudioVersion = 10.0.40219.1
Project("{FAE04EC0-301F-11D3-BF4B-00C04F79EFBC}") = "Ref and Out", "Ref and Out\Ref and Out.csproj", "{049251DA-66AE-498C-8523-9E1C503F7D9A}"
EndProject
Global
	GlobalSection(SolutionConfigurationPlatforms) = preSolution
		Debug|Any CPU = Debug|Any CPU
		Release|Any CPU = Release|Any CPU
	EndGlobalSection
	GlobalSection(ProjectConfigurationPlatforms) = postSolution
		{049251DA-66AE-498C-8523-9E1C503F7D9A}.Debug|Any CPU.ActiveCfg = Debug|Any CPU
		{049251DA-66AE-498C-8523-9E1C503F7D9A}.Debug|Any CPU.Build.0 = Debug|Any CPU
		{049251DA-66AE-498C-8523-9E1C503F7D9A}.Release|Any CPU.ActiveCfg = Release|Any CPU
		{049251DA-66AE-498C-8523-9E1C503F7D9A}.Release|Any CPU.Build.0 = Release|Any CPU
	EndGlobalSection
	GlobalSection(SolutionProperties) = preSolution
		HideSolutionNode = FALSE
	EndGlobalSection
	GlobalSection(ExtensibilityGlobals) = postSolution
		SolutionGuid = {096A09A5-E175-48B6-9A7C-4F664214F0D4}
	EndGlobalSection
EndGlobal
