
Microsoft Visual Studio Solution File, Format Version 12.00
# Visual Studio Version 16
VisualStudioVersion = 16.0.29728.190
MinimumVisualStudioVersion = 10.0.40219.1
Project("{FAE04EC0-301F-11D3-BF4B-00C04F79EFBC}") = "HelloFileInputOutput", "HelloFileInputOutput\HelloFileInputOutput.csproj", "{DF5A3B4A-9B82-43BD-9634-0EF06878C545}"
EndProject
Global
	GlobalSection(SolutionConfigurationPlatforms) = preSolution
		Debug|Any CPU = Debug|Any CPU
		Release|Any CPU = Release|Any CPU
	EndGlobalSection
	GlobalSection(ProjectConfigurationPlatforms) = postSolution
		{DF5A3B4A-9B82-43BD-9634-0EF06878C545}.Debug|Any CPU.ActiveCfg = Debug|Any CPU
		{DF5A3B4A-9B82-43BD-9634-0EF06878C545}.Debug|Any CPU.Build.0 = Debug|Any CPU
		{DF5A3B4A-9B82-43BD-9634-0EF06878C545}.Release|Any CPU.ActiveCfg = Release|Any CPU
		{DF5A3B4A-9B82-43BD-9634-0EF06878C545}.Release|Any CPU.Build.0 = Release|Any CPU
	EndGlobalSection
	GlobalSection(SolutionProperties) = preSolution
		HideSolutionNode = FALSE
	EndGlobalSection
	GlobalSection(ExtensibilityGlobals) = postSolution
		SolutionGuid = {3BA5F23A-35C5-497A-97F3-F10327A63CD9}
	EndGlobalSection
EndGlobal
